
Microsoft Visual Studio Solution File, Format Version 12.00
# Visual Studio Version 16
VisualStudioVersion = 16.0.30907.101
MinimumVisualStudioVersion = 10.0.40219.1
Project("{FAE04EC0-301F-11D3-BF4B-00C04F79EFBC}") = "DataAccess", "DataAccess\DataAccess.csproj", "{9FFF7D8A-4DFE-409D-81AF-1B312B9479DE}"
EndProject
Project("{FAE04EC0-301F-11D3-BF4B-00C04F79EFBC}") = "Business", "Business\Business.csproj", "{4F278EDD-B98B-4189-9C5A-C963CDD948C9}"
EndProject
Project("{FAE04EC0-301F-11D3-BF4B-00C04F79EFBC}") = "Enities", "Enities\Enities.csproj", "{7D32987C-61BE-405C-8392-88722A7CFC9D}"
EndProject
Project("{FAE04EC0-301F-11D3-BF4B-00C04F79EFBC}") = "ConsoleUI", "ConsoleUI\ConsoleUI.csproj", "{F73643E5-F9F9-4B5A-8370-F49F18985A8C}"
EndProject
Global
	GlobalSection(SolutionConfigurationPlatforms) = preSolution
		Debug|Any CPU = Debug|Any CPU
		Release|Any CPU = Release|Any CPU
	EndGlobalSection
	GlobalSection(ProjectConfigurationPlatforms) = postSolution
		{9FFF7D8A-4DFE-409D-81AF-1B312B9479DE}.Debug|Any CPU.ActiveCfg = Debug|Any CPU
		{9FFF7D8A-4DFE-409D-81AF-1B312B9479DE}.Debug|Any CPU.Build.0 = Debug|Any CPU
		{9FFF7D8A-4DFE-409D-81AF-1B312B9479DE}.Release|Any CPU.ActiveCfg = Release|Any CPU
		{9FFF7D8A-4DFE-409D-81AF-1B312B9479DE}.Release|Any CPU.Build.0 = Release|Any CPU
		{4F278EDD-B98B-4189-9C5A-C963CDD948C9}.Debug|Any CPU.ActiveCfg = Debug|Any CPU
		{4F278EDD-B98B-4189-9C5A-C963CDD948C9}.Debug|Any CPU.Build.0 = Debug|Any CPU
		{4F278EDD-B98B-4189-9C5A-C963CDD948C9}.Release|Any CPU.ActiveCfg = Release|Any CPU
		{4F278EDD-B98B-4189-9C5A-C963CDD948C9}.Release|Any CPU.Build.0 = Release|Any CPU
		{7D32987C-61BE-405C-8392-88722A7CFC9D}.Debug|Any CPU.ActiveCfg = Debug|Any CPU
		{7D32987C-61BE-405C-8392-88722A7CFC9D}.Debug|Any CPU.Build.0 = Debug|Any CPU
		{7D32987C-61BE-405C-8392-88722A7CFC9D}.Release|Any CPU.ActiveCfg = Release|Any CPU
		{7D32987C-61BE-405C-8392-88722A7CFC9D}.Release|Any CPU.Build.0 = Release|Any CPU
		{F73643E5-F9F9-4B5A-8370-F49F18985A8C}.Debug|Any CPU.ActiveCfg = Debug|Any CPU
		{F73643E5-F9F9-4B5A-8370-F49F18985A8C}.Debug|Any CPU.Build.0 = Debug|Any CPU
		{F73643E5-F9F9-4B5A-8370-F49F18985A8C}.Release|Any CPU.ActiveCfg = Release|Any CPU
		{F73643E5-F9F9-4B5A-8370-F49F18985A8C}.Release|Any CPU.Build.0 = Release|Any CPU
	EndGlobalSection
	GlobalSection(SolutionProperties) = preSolution
		HideSolutionNode = FALSE
	EndGlobalSection
	GlobalSection(ExtensibilityGlobals) = postSolution
		SolutionGuid = {95078F31-E164-4DAC-8991-39D1DE351F48}
	EndGlobalSection
EndGlobal
